// !$*UTF8*$!
{
	archiveVersion = 1;
	classes = {
	};
	objectVersion = 50;
	objects = {

/* Begin PBXBuildFile section */
		5B33169425F6CCAF007EEA89 /* AppDelegate.swift in Sources */ = {isa = PBXBuildFile; fileRef = 5B33169325F6CCAF007EEA89 /* AppDelegate.swift */; };
		5B33169625F6CCAF007EEA89 /* SceneDelegate.swift in Sources */ = {isa = PBXBuildFile; fileRef = 5B33169525F6CCAF007EEA89 /* SceneDelegate.swift */; };
		5B33169825F6CCAF007EEA89 /* WelcomeVC.swift in Sources */ = {isa = PBXBuildFile; fileRef = 5B33169725F6CCAF007EEA89 /* WelcomeVC.swift */; };
		5B33169D25F6CCB1007EEA89 /* Assets.xcassets in Resources */ = {isa = PBXBuildFile; fileRef = 5B33169C25F6CCB1007EEA89 /* Assets.xcassets */; };
		5B3316A025F6CCB1007EEA89 /* LaunchScreen.storyboard in Resources */ = {isa = PBXBuildFile; fileRef = 5B33169E25F6CCB1007EEA89 /* LaunchScreen.storyboard */; };
		5B3316B625F9C623007EEA89 /* AuthManager.swift in Sources */ = {isa = PBXBuildFile; fileRef = 5B3316B525F9C623007EEA89 /* AuthManager.swift */; };
		5B3316B925FA8653007EEA89 /* TokenResponse.swift in Sources */ = {isa = PBXBuildFile; fileRef = 5B3316B825FA8653007EEA89 /* TokenResponse.swift */; };
		5B96C1DD25FE8D250093A266 /* SessionRequest.swift in Sources */ = {isa = PBXBuildFile; fileRef = 5B96C1DC25FE8D250093A266 /* SessionRequest.swift */; };
		5B96C1E025FE8D400093A266 /* SessionResponse.swift in Sources */ = {isa = PBXBuildFile; fileRef = 5B96C1DF25FE8D400093A266 /* SessionResponse.swift */; };
		5B96C1E325FE8FF60093A266 /* MDBTextField.swift in Sources */ = {isa = PBXBuildFile; fileRef = 5B96C1E225FE8FF50093A266 /* MDBTextField.swift */; };
		5B96C1E62600311F0093A266 /* MDBButton.swift in Sources */ = {isa = PBXBuildFile; fileRef = 5B96C1E52600311F0093A266 /* MDBButton.swift */; };
		5B96C1E9260528350093A266 /* LoginRequest.swift in Sources */ = {isa = PBXBuildFile; fileRef = 5B96C1E8260528350093A266 /* LoginRequest.swift */; };
		5B96C1EC260528810093A266 /* LoginResponse.swift in Sources */ = {isa = PBXBuildFile; fileRef = 5B96C1EB260528810093A266 /* LoginResponse.swift */; };
/* End PBXBuildFile section */

/* Begin PBXFileReference section */
		5B33169025F6CCAF007EEA89 /* TheMovieDBClient.app */ = {isa = PBXFileReference; explicitFileType = wrapper.application; includeInIndex = 0; path = TheMovieDBClient.app; sourceTree = BUILT_PRODUCTS_DIR; };
		5B33169325F6CCAF007EEA89 /* AppDelegate.swift */ = {isa = PBXFileReference; lastKnownFileType = sourcecode.swift; path = AppDelegate.swift; sourceTree = "<group>"; };
		5B33169525F6CCAF007EEA89 /* SceneDelegate.swift */ = {isa = PBXFileReference; lastKnownFileType = sourcecode.swift; path = SceneDelegate.swift; sourceTree = "<group>"; };
		5B33169725F6CCAF007EEA89 /* WelcomeVC.swift */ = {isa = PBXFileReference; lastKnownFileType = sourcecode.swift; path = WelcomeVC.swift; sourceTree = "<group>"; };
		5B33169C25F6CCB1007EEA89 /* Assets.xcassets */ = {isa = PBXFileReference; lastKnownFileType = folder.assetcatalog; path = Assets.xcassets; sourceTree = "<group>"; };
		5B33169F25F6CCB1007EEA89 /* Base */ = {isa = PBXFileReference; lastKnownFileType = file.storyboard; name = Base; path = Base.lproj/LaunchScreen.storyboard; sourceTree = "<group>"; };
		5B3316A125F6CCB1007EEA89 /* Info.plist */ = {isa = PBXFileReference; lastKnownFileType = text.plist.xml; path = Info.plist; sourceTree = "<group>"; };
		5B3316B525F9C623007EEA89 /* AuthManager.swift */ = {isa = PBXFileReference; lastKnownFileType = sourcecode.swift; path = AuthManager.swift; sourceTree = "<group>"; };
		5B3316B825FA8653007EEA89 /* TokenResponse.swift */ = {isa = PBXFileReference; lastKnownFileType = sourcecode.swift; path = TokenResponse.swift; sourceTree = "<group>"; };
		5B96C1DC25FE8D250093A266 /* SessionRequest.swift */ = {isa = PBXFileReference; lastKnownFileType = sourcecode.swift; path = SessionRequest.swift; sourceTree = "<group>"; };
		5B96C1DF25FE8D400093A266 /* SessionResponse.swift */ = {isa = PBXFileReference; lastKnownFileType = sourcecode.swift; path = SessionResponse.swift; sourceTree = "<group>"; };
		5B96C1E225FE8FF50093A266 /* MDBTextField.swift */ = {isa = PBXFileReference; lastKnownFileType = sourcecode.swift; path = MDBTextField.swift; sourceTree = "<group>"; };
		5B96C1E52600311F0093A266 /* MDBButton.swift */ = {isa = PBXFileReference; lastKnownFileType = sourcecode.swift; path = MDBButton.swift; sourceTree = "<group>"; };
		5B96C1E8260528350093A266 /* LoginRequest.swift */ = {isa = PBXFileReference; lastKnownFileType = sourcecode.swift; path = LoginRequest.swift; sourceTree = "<group>"; };
		5B96C1EB260528810093A266 /* LoginResponse.swift */ = {isa = PBXFileReference; lastKnownFileType = sourcecode.swift; path = LoginResponse.swift; sourceTree = "<group>"; };
/* End PBXFileReference section */

/* Begin PBXFrameworksBuildPhase section */
		5B33168D25F6CCAF007EEA89 /* Frameworks */ = {
			isa = PBXFrameworksBuildPhase;
			buildActionMask = 2147483647;
			files = (
			);
			runOnlyForDeploymentPostprocessing = 0;
		};
/* End PBXFrameworksBuildPhase section */

/* Begin PBXGroup section */
		5B33168725F6CCAF007EEA89 = {
			isa = PBXGroup;
			children = (
				5B33169225F6CCAF007EEA89 /* TheMovieDBClient */,
				5B33169125F6CCAF007EEA89 /* Products */,
			);
			sourceTree = "<group>";
		};
		5B33169125F6CCAF007EEA89 /* Products */ = {
			isa = PBXGroup;
			children = (
				5B33169025F6CCAF007EEA89 /* TheMovieDBClient.app */,
			);
			name = Products;
			sourceTree = "<group>";
		};
		5B33169225F6CCAF007EEA89 /* TheMovieDBClient */ = {
			isa = PBXGroup;
			children = (
				5B3316B425F9C612007EEA89 /* Manager */,
				5B3316B025F9B829007EEA89 /* Model */,
				5B3316AB25F9B4AE007EEA89 /* Controller */,
				5B3316AD25F9B4BA007EEA89 /* View */,
				5B3316A925F9B4A3007EEA89 /* Support */,
			);
			path = TheMovieDBClient;
			sourceTree = "<group>";
		};
		5B3316A925F9B4A3007EEA89 /* Support */ = {
			isa = PBXGroup;
			children = (
				5B33169325F6CCAF007EEA89 /* AppDelegate.swift */,
				5B33169525F6CCAF007EEA89 /* SceneDelegate.swift */,
				5B33169C25F6CCB1007EEA89 /* Assets.xcassets */,
				5B33169E25F6CCB1007EEA89 /* LaunchScreen.storyboard */,
				5B3316A125F6CCB1007EEA89 /* Info.plist */,
			);
			path = Support;
			sourceTree = "<group>";
		};
		5B3316AB25F9B4AE007EEA89 /* Controller */ = {
			isa = PBXGroup;
			children = (
				5B33169725F6CCAF007EEA89 /* WelcomeVC.swift */,
			);
			path = Controller;
			sourceTree = "<group>";
		};
		5B3316AD25F9B4BA007EEA89 /* View */ = {
			isa = PBXGroup;
			children = (
				5B96C1E225FE8FF50093A266 /* MDBTextField.swift */,
				5B96C1E52600311F0093A266 /* MDBButton.swift */,
			);
			path = View;
			sourceTree = "<group>";
		};
		5B3316B025F9B829007EEA89 /* Model */ = {
			isa = PBXGroup;
			children = (
				5B3316B825FA8653007EEA89 /* TokenResponse.swift */,
				5B96C1DC25FE8D250093A266 /* SessionRequest.swift */,
				5B96C1DF25FE8D400093A266 /* SessionResponse.swift */,
				5B96C1E8260528350093A266 /* LoginRequest.swift */,
				5B96C1EB260528810093A266 /* LoginResponse.swift */,
			);
			path = Model;
			sourceTree = "<group>";
		};
		5B3316B425F9C612007EEA89 /* Manager */ = {
			isa = PBXGroup;
			children = (
				5B3316B525F9C623007EEA89 /* AuthManager.swift */,
			);
			path = Manager;
			sourceTree = "<group>";
		};
/* End PBXGroup section */

/* Begin PBXNativeTarget section */
		5B33168F25F6CCAF007EEA89 /* TheMovieDBClient */ = {
			isa = PBXNativeTarget;
			buildConfigurationList = 5B3316A425F6CCB1007EEA89 /* Build configuration list for PBXNativeTarget "TheMovieDBClient" */;
			buildPhases = (
				5B33168C25F6CCAF007EEA89 /* Sources */,
				5B33168D25F6CCAF007EEA89 /* Frameworks */,
				5B33168E25F6CCAF007EEA89 /* Resources */,
			);
			buildRules = (
			);
			dependencies = (
			);
			name = TheMovieDBClient;
			productName = TheMovieDBClient;
			productReference = 5B33169025F6CCAF007EEA89 /* TheMovieDBClient.app */;
			productType = "com.apple.product-type.application";
		};
/* End PBXNativeTarget section */

/* Begin PBXProject section */
		5B33168825F6CCAF007EEA89 /* Project object */ = {
			isa = PBXProject;
			attributes = {
				LastSwiftUpdateCheck = 1240;
				LastUpgradeCheck = 1240;
				TargetAttributes = {
					5B33168F25F6CCAF007EEA89 = {
						CreatedOnToolsVersion = 12.4;
					};
				};
			};
			buildConfigurationList = 5B33168B25F6CCAF007EEA89 /* Build configuration list for PBXProject "TheMovieDBClient" */;
			compatibilityVersion = "Xcode 9.3";
			developmentRegion = en;
			hasScannedForEncodings = 0;
			knownRegions = (
				en,
				Base,
			);
			mainGroup = 5B33168725F6CCAF007EEA89;
			productRefGroup = 5B33169125F6CCAF007EEA89 /* Products */;
			projectDirPath = "";
			projectRoot = "";
			targets = (
				5B33168F25F6CCAF007EEA89 /* TheMovieDBClient */,
			);
		};
/* End PBXProject section */

/* Begin PBXResourcesBuildPhase section */
		5B33168E25F6CCAF007EEA89 /* Resources */ = {
			isa = PBXResourcesBuildPhase;
			buildActionMask = 2147483647;
			files = (
				5B3316A025F6CCB1007EEA89 /* LaunchScreen.storyboard in Resources */,
				5B33169D25F6CCB1007EEA89 /* Assets.xcassets in Resources */,
			);
			runOnlyForDeploymentPostprocessing = 0;
		};
/* End PBXResourcesBuildPhase section */

/* Begin PBXSourcesBuildPhase section */
		5B33168C25F6CCAF007EEA89 /* Sources */ = {
			isa = PBXSourcesBuildPhase;
			buildActionMask = 2147483647;
			files = (
				5B33169825F6CCAF007EEA89 /* WelcomeVC.swift in Sources */,
				5B96C1E325FE8FF60093A266 /* MDBTextField.swift in Sources */,
				5B3316B625F9C623007EEA89 /* AuthManager.swift in Sources */,
				5B96C1E9260528350093A266 /* LoginRequest.swift in Sources */,
				5B96C1DD25FE8D250093A266 /* SessionRequest.swift in Sources */,
				5B96C1E025FE8D400093A266 /* SessionResponse.swift in Sources */,
				5B33169425F6CCAF007EEA89 /* AppDelegate.swift in Sources */,
				5B96C1E62600311F0093A266 /* MDBButton.swift in Sources */,
				5B33169625F6CCAF007EEA89 /* SceneDelegate.swift in Sources */,
				5B96C1EC260528810093A266 /* LoginResponse.swift in Sources */,
				5B3316B925FA8653007EEA89 /* TokenResponse.swift in Sources */,
			);
			runOnlyForDeploymentPostprocessing = 0;
		};
/* End PBXSourcesBuildPhase section */

/* Begin PBXVariantGroup section */
		5B33169E25F6CCB1007EEA89 /* LaunchScreen.storyboard */ = {
			isa = PBXVariantGroup;
			children = (
				5B33169F25F6CCB1007EEA89 /* Base */,
			);
			name = LaunchScreen.storyboard;
			sourceTree = "<group>";
		};
/* End PBXVariantGroup section */

/* Begin XCBuildConfiguration section */
		5B3316A225F6CCB1007EEA89 /* Debug */ = {
			isa = XCBuildConfiguration;
			buildSettings = {
				ALWAYS_SEARCH_USER_PATHS = NO;
				CLANG_ANALYZER_NONNULL = YES;
				CLANG_ANALYZER_NUMBER_OBJECT_CONVERSION = YES_AGGRESSIVE;
				CLANG_CXX_LANGUAGE_STANDARD = "gnu++14";
				CLANG_CXX_LIBRARY = "libc++";
				CLANG_ENABLE_MODULES = YES;
				CLANG_ENABLE_OBJC_ARC = YES;
				CLANG_ENABLE_OBJC_WEAK = YES;
				CLANG_WARN_BLOCK_CAPTURE_AUTORELEASING = YES;
				CLANG_WARN_BOOL_CONVERSION = YES;
				CLANG_WARN_COMMA = YES;
				CLANG_WARN_CONSTANT_CONVERSION = YES;
				CLANG_WARN_DEPRECATED_OBJC_IMPLEMENTATIONS = YES;
				CLANG_WARN_DIRECT_OBJC_ISA_USAGE = YES_ERROR;
				CLANG_WARN_DOCUMENTATION_COMMENTS = YES;
				CLANG_WARN_EMPTY_BODY = YES;
				CLANG_WARN_ENUM_CONVERSION = YES;
				CLANG_WARN_INFINITE_RECURSION = YES;
				CLANG_WARN_INT_CONVERSION = YES;
				CLANG_WARN_NON_LITERAL_NULL_CONVERSION = YES;
				CLANG_WARN_OBJC_IMPLICIT_RETAIN_SELF = YES;
				CLANG_WARN_OBJC_LITERAL_CONVERSION = YES;
				CLANG_WARN_OBJC_ROOT_CLASS = YES_ERROR;
				CLANG_WARN_QUOTED_INCLUDE_IN_FRAMEWORK_HEADER = YES;
				CLANG_WARN_RANGE_LOOP_ANALYSIS = YES;
				CLANG_WARN_STRICT_PROTOTYPES = YES;
				CLANG_WARN_SUSPICIOUS_MOVE = YES;
				CLANG_WARN_UNGUARDED_AVAILABILITY = YES_AGGRESSIVE;
				CLANG_WARN_UNREACHABLE_CODE = YES;
				CLANG_WARN__DUPLICATE_METHOD_MATCH = YES;
				COPY_PHASE_STRIP = NO;
				DEBUG_INFORMATION_FORMAT = dwarf;
				ENABLE_STRICT_OBJC_MSGSEND = YES;
				ENABLE_TESTABILITY = YES;
				GCC_C_LANGUAGE_STANDARD = gnu11;
				GCC_DYNAMIC_NO_PIC = NO;
				GCC_NO_COMMON_BLOCKS = YES;
				GCC_OPTIMIZATION_LEVEL = 0;
				GCC_PREPROCESSOR_DEFINITIONS = (
					"DEBUG=1",
					"$(inherited)",
				);
				GCC_WARN_64_TO_32_BIT_CONVERSION = YES;
				GCC_WARN_ABOUT_RETURN_TYPE = YES_ERROR;
				GCC_WARN_UNDECLARED_SELECTOR = YES;
				GCC_WARN_UNINITIALIZED_AUTOS = YES_AGGRESSIVE;
				GCC_WARN_UNUSED_FUNCTION = YES;
				GCC_WARN_UNUSED_VARIABLE = YES;
				IPHONEOS_DEPLOYMENT_TARGET = 14.4;
				MTL_ENABLE_DEBUG_INFO = INCLUDE_SOURCE;
				MTL_FAST_MATH = YES;
				ONLY_ACTIVE_ARCH = YES;
				SDKROOT = iphoneos;
				SWIFT_ACTIVE_COMPILATION_CONDITIONS = DEBUG;
				SWIFT_OPTIMIZATION_LEVEL = "-Onone";
			};
			name = Debug;
		};
		5B3316A325F6CCB1007EEA89 /* Release */ = {
			isa = XCBuildConfiguration;
			buildSettings = {
				ALWAYS_SEARCH_USER_PATHS = NO;
				CLANG_ANALYZER_NONNULL = YES;
				CLANG_ANALYZER_NUMBER_OBJECT_CONVERSION = YES_AGGRESSIVE;
				CLANG_CXX_LANGUAGE_STANDARD = "gnu++14";
				CLANG_CXX_LIBRARY = "libc++";
				CLANG_ENABLE_MODULES = YES;
				CLANG_ENABLE_OBJC_ARC = YES;
				CLANG_ENABLE_OBJC_WEAK = YES;
				CLANG_WARN_BLOCK_CAPTURE_AUTORELEASING = YES;
				CLANG_WARN_BOOL_CONVERSION = YES;
				CLANG_WARN_COMMA = YES;
				CLANG_WARN_CONSTANT_CONVERSION = YES;
				CLANG_WARN_DEPRECATED_OBJC_IMPLEMENTATIONS = YES;
				CLANG_WARN_DIRECT_OBJC_ISA_USAGE = YES_ERROR;
				CLANG_WARN_DOCUMENTATION_COMMENTS = YES;
				CLANG_WARN_EMPTY_BODY = YES;
				CLANG_WARN_ENUM_CONVERSION = YES;
				CLANG_WARN_INFINITE_RECURSION = YES;
				CLANG_WARN_INT_CONVERSION = YES;
				CLANG_WARN_NON_LITERAL_NULL_CONVERSION = YES;
				CLANG_WARN_OBJC_IMPLICIT_RETAIN_SELF = YES;
				CLANG_WARN_OBJC_LITERAL_CONVERSION = YES;
				CLANG_WARN_OBJC_ROOT_CLASS = YES_ERROR;
				CLANG_WARN_QUOTED_INCLUDE_IN_FRAMEWORK_HEADER = YES;
				CLANG_WARN_RANGE_LOOP_ANALYSIS = YES;
				CLANG_WARN_STRICT_PROTOTYPES = YES;
				CLANG_WARN_SUSPICIOUS_MOVE = YES;
				CLANG_WARN_UNGUARDED_AVAILABILITY = YES_AGGRESSIVE;
				CLANG_WARN_UNREACHABLE_CODE = YES;
				CLANG_WARN__DUPLICATE_METHOD_MATCH = YES;
				COPY_PHASE_STRIP = NO;
				DEBUG_INFORMATION_FORMAT = "dwarf-with-dsym";
				ENABLE_NS_ASSERTIONS = NO;
				ENABLE_STRICT_OBJC_MSGSEND = YES;
				GCC_C_LANGUAGE_STANDARD = gnu11;
				GCC_NO_COMMON_BLOCKS = YES;
				GCC_WARN_64_TO_32_BIT_CONVERSION = YES;
				GCC_WARN_ABOUT_RETURN_TYPE = YES_ERROR;
				GCC_WARN_UNDECLARED_SELECTOR = YES;
				GCC_WARN_UNINITIALIZED_AUTOS = YES_AGGRESSIVE;
				GCC_WARN_UNUSED_FUNCTION = YES;
				GCC_WARN_UNUSED_VARIABLE = YES;
				IPHONEOS_DEPLOYMENT_TARGET = 14.4;
				MTL_ENABLE_DEBUG_INFO = NO;
				MTL_FAST_MATH = YES;
				SDKROOT = iphoneos;
				SWIFT_COMPILATION_MODE = wholemodule;
				SWIFT_OPTIMIZATION_LEVEL = "-O";
				VALIDATE_PRODUCT = YES;
			};
			name = Release;
		};
		5B3316A525F6CCB1007EEA89 /* Debug */ = {
			isa = XCBuildConfiguration;
			buildSettings = {
				ASSETCATALOG_COMPILER_APPICON_NAME = AppIcon;
				ASSETCATALOG_COMPILER_GLOBAL_ACCENT_COLOR_NAME = AccentColor;
				CODE_SIGN_STYLE = Automatic;
				DEVELOPMENT_TEAM = VGW2M4R8BY;
				INFOPLIST_FILE = TheMovieDBClient/Support/Info.plist;
				LD_RUNPATH_SEARCH_PATHS = (
					"$(inherited)",
					"@executable_path/Frameworks",
				);
				PRODUCT_BUNDLE_IDENTIFIER = com.alekseykabishau.TheMovieDBClient;
				PRODUCT_NAME = "$(TARGET_NAME)";
				SWIFT_VERSION = 5.0;
				TARGETED_DEVICE_FAMILY = 1;
			};
			name = Debug;
		};
		5B3316A625F6CCB1007EEA89 /* Release */ = {
			isa = XCBuildConfiguration;
			buildSettings = {
				ASSETCATALOG_COMPILER_APPICON_NAME = AppIcon;
				ASSETCATALOG_COMPILER_GLOBAL_ACCENT_COLOR_NAME = AccentColor;
				CODE_SIGN_STYLE = Automatic;
				DEVELOPMENT_TEAM = VGW2M4R8BY;
				INFOPLIST_FILE = TheMovieDBClient/Support/Info.plist;
				LD_RUNPATH_SEARCH_PATHS = (
					"$(inherited)",
					"@executable_path/Frameworks",
				);
				PRODUCT_BUNDLE_IDENTIFIER = com.alekseykabishau.TheMovieDBClient;
				PRODUCT_NAME = "$(TARGET_NAME)";
				SWIFT_VERSION = 5.0;
				TARGETED_DEVICE_FAMILY = 1;
			};
			name = Release;
		};
/* End XCBuildConfiguration section */

/* Begin XCConfigurationList section */
		5B33168B25F6CCAF007EEA89 /* Build configuration list for PBXProject "TheMovieDBClient" */ = {
			isa = XCConfigurationList;
			buildConfigurations = (
				5B3316A225F6CCB1007EEA89 /* Debug */,
				5B3316A325F6CCB1007EEA89 /* Release */,
			);
			defaultConfigurationIsVisible = 0;
			defaultConfigurationName = Release;
		};
		5B3316A425F6CCB1007EEA89 /* Build configuration list for PBXNativeTarget "TheMovieDBClient" */ = {
			isa = XCConfigurationList;
			buildConfigurations = (
				5B3316A525F6CCB1007EEA89 /* Debug */,
				5B3316A625F6CCB1007EEA89 /* Release */,
			);
			defaultConfigurationIsVisible = 0;
			defaultConfigurationName = Release;
		};
/* End XCConfigurationList section */
	};
	rootObject = 5B33168825F6CCAF007EEA89 /* Project object */;
}
